
Microsoft Visual Studio Solution File, Format Version 12.00
# Visual Studio Version 17
VisualStudioVersion = 17.3.32804.467
MinimumVisualStudioVersion = 10.0.40219.1
Project("{FAE04EC0-301F-11D3-BF4B-00C04F79EFBC}") = "PantherDeskAPI5", "PantherDeskAPI5.csproj", "{58DEAB3F-9E45-43A4-BD99-C23C55A9E5BB}"
EndProject
Global
	GlobalSection(SolutionConfigurationPlatforms) = preSolution
		Debug|Any CPU = Debug|Any CPU
		Release|Any CPU = Release|Any CPU
	EndGlobalSection
	GlobalSection(ProjectConfigurationPlatforms) = postSolution
		{58DEAB3F-9E45-43A4-BD99-C23C55A9E5BB}.Debug|Any CPU.ActiveCfg = Debug|Any CPU
		{58DEAB3F-9E45-43A4-BD99-C23C55A9E5BB}.Debug|Any CPU.Build.0 = Debug|Any CPU
		{58DEAB3F-9E45-43A4-BD99-C23C55A9E5BB}.Release|Any CPU.ActiveCfg = Release|Any CPU
		{58DEAB3F-9E45-43A4-BD99-C23C55A9E5BB}.Release|Any CPU.Build.0 = Release|Any CPU
	EndGlobalSection
	GlobalSection(SolutionProperties) = preSolution
		HideSolutionNode = FALSE
	EndGlobalSection
	GlobalSection(ExtensibilityGlobals) = postSolution
		SolutionGuid = {D7A79277-DBB1-4D58-8B71-603F69D669C1}
	EndGlobalSection
EndGlobal
